{
  "nodes": {
    "flake-utils": {
      "locked": {
        "lastModified": 1631561581,
        "narHash": "sha256-3VQMV5zvxaVLvqqUrNz3iJelLw30mIVSfZmAaauM3dA=",
        "owner": "numtide",
        "repo": "flake-utils",
        "rev": "7e5bf3925f6fbdfaf50a2a7ca0be2879c4261d19",
        "type": "github"
      },
      "original": {
        "owner": "numtide",
        "repo": "flake-utils",
        "type": "github"
      }
    },
    "home-manager": {
      "inputs": {
        "nixpkgs": [
          "nixpkgs"
        ]
      },
      "locked": {
        "lastModified": 1634939539,
        "narHash": "sha256-m+RC6it1doMjq5U5e1B36thzOOBc1GF4tVLK2SNMvzg=",
        "owner": "nix-community",
        "repo": "home-manager",
        "rev": "8278c14f5f8725e1b5936d6f54e63d4626aae98c",
        "type": "github"
      },
      "original": {
        "owner": "nix-community",
        "repo": "home-manager",
        "type": "github"
      }
    },
    "newmail": {
      "inputs": {
        "flake-utils": "flake-utils",
        "nixpkgs": [
          "nixpkgs"
        ]
      },
      "locked": {
        "lastModified": 1633309492,
        "narHash": "sha256-ZCrsMdjFtUf6kJUeFzNMopWdVcg2CMe/E6M3+WIx5DE=",
        "owner": "winterqt",
        "repo": "newmail",
        "rev": "c237a4f495f7c09fc8801a85d2e40812784f847d",
        "type": "github"
      },
      "original": {
        "owner": "winterqt",
        "repo": "newmail",
        "type": "github"
      }
    },
    "nix-darwin": {
      "inputs": {
        "nixpkgs": [
          "nixpkgs"
        ]
      },
      "locked": {
        "lastModified": 1632879299,
        "narHash": "sha256-zMgHIl6aWshNDHlfzy5rS6xhlo4SLWox9BEgXrPNxXI=",
        "owner": "winterqt",
        "repo": "nix-darwin",
        "rev": "c3761f50c6a0a10f7a9d5403fad13ad9328cf8ae",
        "type": "github"
      },
      "original": {
        "owner": "winterqt",
        "repo": "nix-darwin",
        "type": "github"
      }
    },
    "nixpkgs": {
      "locked": {
        "lastModified": 1634919341,
        "narHash": "sha256-iYTckx+vxrGskDsI7US/3N1CDGYjnFl2Wh6gkLBmAKI=",
        "owner": "NixOS",
        "repo": "nixpkgs",
        "rev": "1cab3e231b41f38f2d2cbf5617eb7b88e433428a",
        "type": "github"
      },
      "original": {
        "owner": "NixOS",
        "ref": "nixpkgs-unstable",
        "repo": "nixpkgs",
        "type": "github"
      }
    },
    "root": {
      "inputs": {
        "home-manager": "home-manager",
        "newmail": "newmail",
        "nix-darwin": "nix-darwin",
        "nixpkgs": "nixpkgs",
        "secrets": "secrets"
      }
    },
    "secrets": {
      "flake": false,
      "locked": {
        "narHash": "sha256-d9b7FowbM/kXxVWiJmWunyWxH6qJ6Glbqe5BjIkvXG0=",
        "path": "/Users/winter/wonderland/secrets",
        "type": "path"
      },
      "original": {
        "path": "/Users/winter/wonderland/secrets",
        "type": "path"
      }
    }
  },
  "root": "root",
  "version": 7
}
